packages:
- package: calogica/dbt_expectations
  version: 0.8.5
- package: dbt-labs/dbt_external_tables
  version: 0.8.7
- package: dbt-labs/dbt_utils
  version: 1.0.0
- git: https://github.com/FlipsideCrypto/fsc-utils.git
  revision: e670a0edf1c1bb2316212b368724dc9942b6220f
- package: get-select/dbt_snowflake_query_tags
  version: 2.3.3
- package: calogica/dbt_date
  version: 0.7.2
- git: https://github.com/FlipsideCrypto/livequery-models.git
  revision: de2ade547b8e87be0902605d42152ed97f53e05d
sha1_hash: 23a3f5af6aea92b1391c89c7e8a7024fa822e65f
